
Microsoft Visual Studio Solution File, Format Version 12.00
# Visual Studio Version 17
VisualStudioVersion = 17.7.34024.191
MinimumVisualStudioVersion = 10.0.40219.1
Project("{8BC9CEB8-8B4A-11D0-8D11-00A0C91BC942}") = "calender", "calender\calender.vcxproj", "{86712DBC-C301-4534-8418-4C22AADF8BAF}"
EndProject
Global
	GlobalSection(SolutionConfigurationPlatforms) = preSolution
		Debug|x64 = Debug|x64
		Debug|x86 = Debug|x86
		Release|x64 = Release|x64
		Release|x86 = Release|x86
	EndGlobalSection
	GlobalSection(ProjectConfigurationPlatforms) = postSolution
		{86712DBC-C301-4534-8418-4C22AADF8BAF}.Debug|x64.ActiveCfg = Debug|x64
		{86712DBC-C301-4534-8418-4C22AADF8BAF}.Debug|x64.Build.0 = Debug|x64
		{86712DBC-C301-4534-8418-4C22AADF8BAF}.Debug|x86.ActiveCfg = Debug|Win32
		{86712DBC-C301-4534-8418-4C22AADF8BAF}.Debug|x86.Build.0 = Debug|Win32
		{86712DBC-C301-4534-8418-4C22AADF8BAF}.Release|x64.ActiveCfg = Release|x64
		{86712DBC-C301-4534-8418-4C22AADF8BAF}.Release|x64.Build.0 = Release|x64
		{86712DBC-C301-4534-8418-4C22AADF8BAF}.Release|x86.ActiveCfg = Release|Win32
		{86712DBC-C301-4534-8418-4C22AADF8BAF}.Release|x86.Build.0 = Release|Win32
	EndGlobalSection
	GlobalSection(SolutionProperties) = preSolution
		HideSolutionNode = FALSE
	EndGlobalSection
	GlobalSection(ExtensibilityGlobals) = postSolution
		SolutionGuid = {1151BBA1-EB72-435C-AAE4-0386B292F318}
	EndGlobalSection
EndGlobal
